
Microsoft Visual Studio Solution File, Format Version 12.00
# Visual Studio Version 17
VisualStudioVersion = 17.13.35825.156 d17.13
MinimumVisualStudioVersion = 10.0.40219.1
Project("{FAE04EC0-301F-11D3-BF4B-00C04F79EFBC}") = "ngPost.MAUI", "ngPost.MAUI.csproj", "{29A528D9-25DD-AE1F-4993-E5ABE207B3C7}"
EndProject
Global
	GlobalSection(SolutionConfigurationPlatforms) = preSolution
		Debug|Any CPU = Debug|Any CPU
		Release|Any CPU = Release|Any CPU
	EndGlobalSection
	GlobalSection(ProjectConfigurationPlatforms) = postSolution
		{29A528D9-25DD-AE1F-4993-E5ABE207B3C7}.Debug|Any CPU.ActiveCfg = Debug|Any CPU
		{29A528D9-25DD-AE1F-4993-E5ABE207B3C7}.Debug|Any CPU.Build.0 = Debug|Any CPU
		{29A528D9-25DD-AE1F-4993-E5ABE207B3C7}.Release|Any CPU.ActiveCfg = Release|Any CPU
		{29A528D9-25DD-AE1F-4993-E5ABE207B3C7}.Release|Any CPU.Build.0 = Release|Any CPU
	EndGlobalSection
	GlobalSection(SolutionProperties) = preSolution
		HideSolutionNode = FALSE
	EndGlobalSection
	GlobalSection(ExtensibilityGlobals) = postSolution
		SolutionGuid = {F148B6FA-820A-4073-BE59-E7ACFA68C907}
	EndGlobalSection
EndGlobal
